
Microsoft Visual Studio Solution File, Format Version 12.00
# Visual Studio 15
Project("{2150E333-8FDC-42A3-9474-1A3956D46DE8}") = "src", "src", "{32ED26BC-C576-45E6-8CF6-D2F871958979}"
EndProject
Project("{2150E333-8FDC-42A3-9474-1A3956D46DE8}") = "tests", "tests", "{FEF0CE5D-43A5-4D00-A1B0-8EC67067095B}"
EndProject
Project("{FAE04EC0-301F-11D3-BF4B-00C04F79EFBC}") = "Calculadora", "Calculadora\Calculadora.csproj", "{FB3E46FC-08B3-4B37-A826-486C6082BFF0}"
EndProject
Project("{FAE04EC0-301F-11D3-BF4B-00C04F79EFBC}") = "Calculadora.Testes", "Calculadora.Testes\Calculadora.Testes.csproj", "{96461E95-659F-4817-94BE-09FC08E6C1C9}"
EndProject
Global
	GlobalSection(SolutionConfigurationPlatforms) = preSolution
		Debug|Any CPU = Debug|Any CPU
		Release|Any CPU = Release|Any CPU
	EndGlobalSection
	GlobalSection(ProjectConfigurationPlatforms) = postSolution
		{FB3E46FC-08B3-4B37-A826-486C6082BFF0}.Debug|Any CPU.ActiveCfg = Debug|Any CPU
		{FB3E46FC-08B3-4B37-A826-486C6082BFF0}.Debug|Any CPU.Build.0 = Debug|Any CPU
		{FB3E46FC-08B3-4B37-A826-486C6082BFF0}.Release|Any CPU.ActiveCfg = Release|Any CPU
		{FB3E46FC-08B3-4B37-A826-486C6082BFF0}.Release|Any CPU.Build.0 = Release|Any CPU
		{96461E95-659F-4817-94BE-09FC08E6C1C9}.Debug|Any CPU.ActiveCfg = Debug|Any CPU
		{96461E95-659F-4817-94BE-09FC08E6C1C9}.Debug|Any CPU.Build.0 = Debug|Any CPU
		{96461E95-659F-4817-94BE-09FC08E6C1C9}.Release|Any CPU.ActiveCfg = Release|Any CPU
		{96461E95-659F-4817-94BE-09FC08E6C1C9}.Release|Any CPU.Build.0 = Release|Any CPU
	EndGlobalSection
	GlobalSection(NestedProjects) = preSolution
		{FB3E46FC-08B3-4B37-A826-486C6082BFF0} = {32ED26BC-C576-45E6-8CF6-D2F871958979}
		{96461E95-659F-4817-94BE-09FC08E6C1C9} = {FEF0CE5D-43A5-4D00-A1B0-8EC67067095B}
	EndGlobalSection
EndGlobal
